dependencies:
- name: dex
  repository: https://charts.dexidp.io
  version: 0.23.0
- name: kgst
  repository: oci://ghcr.io/k0rdent/catalog/charts
  version: 2.0.1
- name: kgst
  repository: oci://ghcr.io/k0rdent/catalog/charts
  version: 2.0.1
- name: kgst
  repository: oci://ghcr.io/k0rdent/catalog/charts
  version: 2.0.1
- name: kof-dashboards
  repository: file://../kof-dashboards/
  version: 1.8.1-rc1
- name: metrics-server
  repository: https://kubernetes-sigs.github.io/metrics-server/
  version: 3.12.1
- name: vlogxy
  repository: oci://ghcr.io/k0rdent/vlogxy/charts
  version: 0.1.0
digest: sha256:abe39aa2e5ffd8a032f1287844ec83ed277f369ed67f9f6dce11d8544683801d
generated: "2026-03-31T11:14:28.805813+03:00"
