dependencies:
- name: victoria-metrics-operator
  repository: https://victoriametrics.github.io/helm-charts/
  version: 0.58.1
- name: victoria-logs-cluster
  repository: https://victoriametrics.github.io/helm-charts/
  version: 0.0.25
- name: victoria-traces-cluster
  repository: https://victoriametrics.github.io/helm-charts/
  version: 0.0.3
- name: external-dns
  repository: https://kubernetes-sigs.github.io/external-dns/
  version: 1.20.0
- name: dex
  repository: https://charts.dexidp.io
  version: 0.23.0
- name: kof-dashboards
  repository: file://../kof-dashboards/
  version: 1.8.1-rc3
digest: sha256:65dc5d984044424cdbff216a0f946712c3baa689b5bd50c26ae3b674014e3d02
generated: "2026-04-03T18:54:36.414997+02:00"
