dependencies:
- name: victoria-logs-cluster
  repository: https://victoriametrics.github.io/helm-charts/
  version: 0.0.25
- name: victoria-traces-cluster
  repository: https://victoriametrics.github.io/helm-charts/
  version: 0.0.3
- name: external-dns
  repository: https://kubernetes-sigs.github.io/external-dns/
  version: 1.20.0
- name: dex
  repository: https://charts.dexidp.io
  version: 0.23.0
- name: kof-dashboards
  repository: file://../kof-dashboards/
  version: 1.8.1-rc6
digest: sha256:d259641945ad90e10f1d79be90c1020cc78d35219bf7fc55ce9e7ffee1668cf1
generated: "2026-04-20T19:40:38.351002+02:00"
