dependencies:
- name: victoria-metrics-operator
  repository: https://victoriametrics.github.io/helm-charts/
  version: 0.58.1
- name: victoria-logs-cluster
  repository: https://victoriametrics.github.io/helm-charts/
  version: 0.0.25
- name: victoria-traces-cluster
  repository: https://victoriametrics.github.io/helm-charts/
  version: 0.0.3
- name: external-dns
  repository: https://kubernetes-sigs.github.io/external-dns/
  version: 1.20.0
- name: dex
  repository: https://charts.dexidp.io
  version: 0.23.0
- name: kof-dashboards
  repository: file://../kof-dashboards/
  version: 1.8.1-rc1
digest: sha256:ab9079954282978aa18474b98fc720c0b72775ee36bd3bc36cb4c7f7e1700bc6
generated: "2026-03-31T11:14:48.788673+03:00"
